
Microsoft Visual Studio Solution File, Format Version 12.00
# Visual Studio Version 17
VisualStudioVersion = 17.7.34031.279
MinimumVisualStudioVersion = 10.0.40219.1
Project("{FAE04EC0-301F-11D3-BF4B-00C04F79EFBC}") = "Estate_agencyDomain", "Estate_agencyDomain\Estate_agencyDomain.csproj", "{32D544F4-7F12-4476-8A49-09D9A50EB4B9}"
EndProject
Project("{FAE04EC0-301F-11D3-BF4B-00C04F79EFBC}") = "Estate_agencyInfrastructure", "Estate_agencyInfrastructure\Estate_agencyInfrastructure.csproj", "{1551AD21-0FA2-4C2B-AF9B-C18FEBC940A0}"
EndProject
Global
	GlobalSection(SolutionConfigurationPlatforms) = preSolution
		Debug|Any CPU = Debug|Any CPU
		Release|Any CPU = Release|Any CPU
	EndGlobalSection
	GlobalSection(ProjectConfigurationPlatforms) = postSolution
		{32D544F4-7F12-4476-8A49-09D9A50EB4B9}.Debug|Any CPU.ActiveCfg = Debug|Any CPU
		{32D544F4-7F12-4476-8A49-09D9A50EB4B9}.Debug|Any CPU.Build.0 = Debug|Any CPU
		{32D544F4-7F12-4476-8A49-09D9A50EB4B9}.Release|Any CPU.ActiveCfg = Release|Any CPU
		{32D544F4-7F12-4476-8A49-09D9A50EB4B9}.Release|Any CPU.Build.0 = Release|Any CPU
		{1551AD21-0FA2-4C2B-AF9B-C18FEBC940A0}.Debug|Any CPU.ActiveCfg = Debug|Any CPU
		{1551AD21-0FA2-4C2B-AF9B-C18FEBC940A0}.Debug|Any CPU.Build.0 = Debug|Any CPU
		{1551AD21-0FA2-4C2B-AF9B-C18FEBC940A0}.Release|Any CPU.ActiveCfg = Release|Any CPU
		{1551AD21-0FA2-4C2B-AF9B-C18FEBC940A0}.Release|Any CPU.Build.0 = Release|Any CPU
	EndGlobalSection
	GlobalSection(SolutionProperties) = preSolution
		HideSolutionNode = FALSE
	EndGlobalSection
	GlobalSection(ExtensibilityGlobals) = postSolution
		SolutionGuid = {9A14BFEE-B973-40DA-A352-E1F4CFE8588F}
	EndGlobalSection
EndGlobal
